
Microsoft Visual Studio Solution File, Format Version 12.00
# Visual Studio Version 17
VisualStudioVersion = 17.5.33516.290
MinimumVisualStudioVersion = 10.0.40219.1
Project("{8BC9CEB8-8B4A-11D0-8D11-00A0C91BC942}") = "mbr_static", "mbr_static\mbr_static.vcxproj", "{CD0F4D90-212C-4205-BABA-1E6E3A8F96D0}"
EndProject
Project("{8BC9CEB8-8B4A-11D0-8D11-00A0C91BC942}") = "konstruktor", "konstruktor\konstruktor.vcxproj", "{C570D3D3-4410-4200-9C0B-C59BA5CC8136}"
EndProject
Project("{8BC9CEB8-8B4A-11D0-8D11-00A0C91BC942}") = "Destruktor", "Destruktor\Destruktor.vcxproj", "{8E9B0FDF-C26B-4A02-ADED-D702AE10A7D2}"
EndProject
Project("{8BC9CEB8-8B4A-11D0-8D11-00A0C91BC942}") = "chainfunction", "chainfunction\chainfunction.vcxproj", "{277918F7-7C26-466F-8DC1-BB8CD141E027}"
EndProject
Global
	GlobalSection(SolutionConfigurationPlatforms) = preSolution
		Debug|x64 = Debug|x64
		Debug|x86 = Debug|x86
		Release|x64 = Release|x64
		Release|x86 = Release|x86
	EndGlobalSection
	GlobalSection(ProjectConfigurationPlatforms) = postSolution
		{CD0F4D90-212C-4205-BABA-1E6E3A8F96D0}.Debug|x64.ActiveCfg = Debug|x64
		{CD0F4D90-212C-4205-BABA-1E6E3A8F96D0}.Debug|x64.Build.0 = Debug|x64
		{CD0F4D90-212C-4205-BABA-1E6E3A8F96D0}.Debug|x86.ActiveCfg = Debug|Win32
		{CD0F4D90-212C-4205-BABA-1E6E3A8F96D0}.Debug|x86.Build.0 = Debug|Win32
		{CD0F4D90-212C-4205-BABA-1E6E3A8F96D0}.Release|x64.ActiveCfg = Release|x64
		{CD0F4D90-212C-4205-BABA-1E6E3A8F96D0}.Release|x64.Build.0 = Release|x64
		{CD0F4D90-212C-4205-BABA-1E6E3A8F96D0}.Release|x86.ActiveCfg = Release|Win32
		{CD0F4D90-212C-4205-BABA-1E6E3A8F96D0}.Release|x86.Build.0 = Release|Win32
		{C570D3D3-4410-4200-9C0B-C59BA5CC8136}.Debug|x64.ActiveCfg = Debug|x64
		{C570D3D3-4410-4200-9C0B-C59BA5CC8136}.Debug|x64.Build.0 = Debug|x64
		{C570D3D3-4410-4200-9C0B-C59BA5CC8136}.Debug|x86.ActiveCfg = Debug|Win32
		{C570D3D3-4410-4200-9C0B-C59BA5CC8136}.Debug|x86.Build.0 = Debug|Win32
		{C570D3D3-4410-4200-9C0B-C59BA5CC8136}.Release|x64.ActiveCfg = Release|x64
		{C570D3D3-4410-4200-9C0B-C59BA5CC8136}.Release|x64.Build.0 = Release|x64
		{C570D3D3-4410-4200-9C0B-C59BA5CC8136}.Release|x86.ActiveCfg = Release|Win32
		{C570D3D3-4410-4200-9C0B-C59BA5CC8136}.Release|x86.Build.0 = Release|Win32
		{8E9B0FDF-C26B-4A02-ADED-D702AE10A7D2}.Debug|x64.ActiveCfg = Debug|x64
		{8E9B0FDF-C26B-4A02-ADED-D702AE10A7D2}.Debug|x64.Build.0 = Debug|x64
		{8E9B0FDF-C26B-4A02-ADED-D702AE10A7D2}.Debug|x86.ActiveCfg = Debug|Win32
		{8E9B0FDF-C26B-4A02-ADED-D702AE10A7D2}.Debug|x86.Build.0 = Debug|Win32
		{8E9B0FDF-C26B-4A02-ADED-D702AE10A7D2}.Release|x64.ActiveCfg = Release|x64
		{8E9B0FDF-C26B-4A02-ADED-D702AE10A7D2}.Release|x64.Build.0 = Release|x64
		{8E9B0FDF-C26B-4A02-ADED-D702AE10A7D2}.Release|x86.ActiveCfg = Release|Win32
		{8E9B0FDF-C26B-4A02-ADED-D702AE10A7D2}.Release|x86.Build.0 = Release|Win32
		{277918F7-7C26-466F-8DC1-BB8CD141E027}.Debug|x64.ActiveCfg = Debug|x64
		{277918F7-7C26-466F-8DC1-BB8CD141E027}.Debug|x64.Build.0 = Debug|x64
		{277918F7-7C26-466F-8DC1-BB8CD141E027}.Debug|x86.ActiveCfg = Debug|Win32
		{277918F7-7C26-466F-8DC1-BB8CD141E027}.Debug|x86.Build.0 = Debug|Win32
		{277918F7-7C26-466F-8DC1-BB8CD141E027}.Release|x64.ActiveCfg = Release|x64
		{277918F7-7C26-466F-8DC1-BB8CD141E027}.Release|x64.Build.0 = Release|x64
		{277918F7-7C26-466F-8DC1-BB8CD141E027}.Release|x86.ActiveCfg = Release|Win32
		{277918F7-7C26-466F-8DC1-BB8CD141E027}.Release|x86.Build.0 = Release|Win32
	EndGlobalSection
	GlobalSection(SolutionProperties) = preSolution
		HideSolutionNode = FALSE
	EndGlobalSection
	GlobalSection(ExtensibilityGlobals) = postSolution
		SolutionGuid = {162EEE56-B47F-48E8-ACC8-8FFAD50404BA}
	EndGlobalSection
EndGlobal
